// !$*UTF8*$!
{
	archiveVersion = 1;
	classes = {
	};
	objectVersion = 50;
	objects = {

/* Begin PBXBuildFile section */
		726DFB862502B0F100D730DE /* ResourceExpandableCell.swift in Sources */ = {isa = PBXBuildFile; fileRef = 726DFB842502B0F100D730DE /* ResourceExpandableCell.swift */; };
		726DFB872502B0F100D730DE /* ResourceExpandableCell.xib in Resources */ = {isa = PBXBuildFile; fileRef = 726DFB852502B0F100D730DE /* ResourceExpandableCell.xib */; };
		726DFB8B250453F400D730DE /* ButtonsNavigationController.swift in Sources */ = {isa = PBXBuildFile; fileRef = 726DFB8A250453F400D730DE /* ButtonsNavigationController.swift */; };
		728838F42501AE9E00BD9DC1 /* AppDelegate.swift in Sources */ = {isa = PBXBuildFile; fileRef = 728838F32501AE9E00BD9DC1 /* AppDelegate.swift */; };
		728838F62501AE9E00BD9DC1 /* SceneDelegate.swift in Sources */ = {isa = PBXBuildFile; fileRef = 728838F52501AE9E00BD9DC1 /* SceneDelegate.swift */; };
		728838F82501AE9E00BD9DC1 /* MarsController.swift in Sources */ = {isa = PBXBuildFile; fileRef = 728838F72501AE9E00BD9DC1 /* MarsController.swift */; };
		728838FB2501AE9E00BD9DC1 /* Main.storyboard in Resources */ = {isa = PBXBuildFile; fileRef = 728838F92501AE9E00BD9DC1 /* Main.storyboard */; };
		728838FE2501AE9E00BD9DC1 /* MarsClicker.xcdatamodeld in Sources */ = {isa = PBXBuildFile; fileRef = 728838FC2501AE9E00BD9DC1 /* MarsClicker.xcdatamodeld */; };
		728839002501AEA200BD9DC1 /* Assets.xcassets in Resources */ = {isa = PBXBuildFile; fileRef = 728838FF2501AEA200BD9DC1 /* Assets.xcassets */; };
		728839032501AEA200BD9DC1 /* LaunchScreen.storyboard in Resources */ = {isa = PBXBuildFile; fileRef = 728839012501AEA200BD9DC1 /* LaunchScreen.storyboard */; };
		72F4B7742502A992003E7388 /* 00 Starmap Truetype.ttf in Resources */ = {isa = PBXBuildFile; fileRef = 72F4B7732502A992003E7388 /* 00 Starmap Truetype.ttf */; };
		72FB0A022508748F00209294 /* DataManager.swift in Sources */ = {isa = PBXBuildFile; fileRef = 72FB0A012508748F00209294 /* DataManager.swift */; };
/* End PBXBuildFile section */

/* Begin PBXFileReference section */
		726DFB842502B0F100D730DE /* ResourceExpandableCell.swift */ = {isa = PBXFileReference; lastKnownFileType = sourcecode.swift; path = ResourceExpandableCell.swift; sourceTree = "<group>"; };
		726DFB852502B0F100D730DE /* ResourceExpandableCell.xib */ = {isa = PBXFileReference; lastKnownFileType = file.xib; path = ResourceExpandableCell.xib; sourceTree = "<group>"; };
		726DFB8A250453F400D730DE /* ButtonsNavigationController.swift */ = {isa = PBXFileReference; lastKnownFileType = sourcecode.swift; path = ButtonsNavigationController.swift; sourceTree = "<group>"; };
		728838F02501AE9E00BD9DC1 /* MarsClicker.app */ = {isa = PBXFileReference; explicitFileType = wrapper.application; includeInIndex = 0; path = MarsClicker.app; sourceTree = BUILT_PRODUCTS_DIR; };
		728838F32501AE9E00BD9DC1 /* AppDelegate.swift */ = {isa = PBXFileReference; lastKnownFileType = sourcecode.swift; path = AppDelegate.swift; sourceTree = "<group>"; };
		728838F52501AE9E00BD9DC1 /* SceneDelegate.swift */ = {isa = PBXFileReference; lastKnownFileType = sourcecode.swift; path = SceneDelegate.swift; sourceTree = "<group>"; };
		728838F72501AE9E00BD9DC1 /* MarsController.swift */ = {isa = PBXFileReference; lastKnownFileType = sourcecode.swift; path = MarsController.swift; sourceTree = "<group>"; };
		728838FA2501AE9E00BD9DC1 /* Base */ = {isa = PBXFileReference; lastKnownFileType = file.storyboard; name = Base; path = Base.lproj/Main.storyboard; sourceTree = "<group>"; };
		728838FD2501AE9E00BD9DC1 /* MarsClicker.xcdatamodel */ = {isa = PBXFileReference; lastKnownFileType = wrapper.xcdatamodel; path = MarsClicker.xcdatamodel; sourceTree = "<group>"; };
		728838FF2501AEA200BD9DC1 /* Assets.xcassets */ = {isa = PBXFileReference; lastKnownFileType = folder.assetcatalog; path = Assets.xcassets; sourceTree = "<group>"; };
		728839022501AEA200BD9DC1 /* Base */ = {isa = PBXFileReference; lastKnownFileType = file.storyboard; name = Base; path = Base.lproj/LaunchScreen.storyboard; sourceTree = "<group>"; };
		728839042501AEA200BD9DC1 /* Info.plist */ = {isa = PBXFileReference; lastKnownFileType = text.plist.xml; path = Info.plist; sourceTree = "<group>"; };
		72F4B7732502A992003E7388 /* 00 Starmap Truetype.ttf */ = {isa = PBXFileReference; lastKnownFileType = file; path = "00 Starmap Truetype.ttf"; sourceTree = "<group>"; };
		72FB0A012508748F00209294 /* DataManager.swift */ = {isa = PBXFileReference; lastKnownFileType = sourcecode.swift; path = DataManager.swift; sourceTree = "<group>"; };
/* End PBXFileReference section */

/* Begin PBXFrameworksBuildPhase section */
		728838ED2501AE9E00BD9DC1 /* Frameworks */ = {
			isa = PBXFrameworksBuildPhase;
			buildActionMask = 2147483647;
			files = (
			);
			runOnlyForDeploymentPostprocessing = 0;
		};
/* End PBXFrameworksBuildPhase section */

/* Begin PBXGroup section */
		728838E72501AE9E00BD9DC1 = {
			isa = PBXGroup;
			children = (
				728838F22501AE9E00BD9DC1 /* MarsClicker */,
				728838F12501AE9E00BD9DC1 /* Products */,
			);
			sourceTree = "<group>";
		};
		728838F12501AE9E00BD9DC1 /* Products */ = {
			isa = PBXGroup;
			children = (
				728838F02501AE9E00BD9DC1 /* MarsClicker.app */,
			);
			name = Products;
			sourceTree = "<group>";
		};
		728838F22501AE9E00BD9DC1 /* MarsClicker */ = {
			isa = PBXGroup;
			children = (
				728838F32501AE9E00BD9DC1 /* AppDelegate.swift */,
				728838F52501AE9E00BD9DC1 /* SceneDelegate.swift */,
				72FB0A0425087BC300209294 /* Controllers */,
				728838F92501AE9E00BD9DC1 /* Main.storyboard */,
				72FB0A0325087BAC00209294 /* Data */,
				72FB0A0525087BD100209294 /* Views */,
				728838FF2501AEA200BD9DC1 /* Assets.xcassets */,
				728839012501AEA200BD9DC1 /* LaunchScreen.storyboard */,
				728839042501AEA200BD9DC1 /* Info.plist */,
				72F4B7732502A992003E7388 /* 00 Starmap Truetype.ttf */,
			);
			path = MarsClicker;
			sourceTree = "<group>";
		};
		72FB0A0325087BAC00209294 /* Data */ = {
			isa = PBXGroup;
			children = (
				72FB0A012508748F00209294 /* DataManager.swift */,
				728838FC2501AE9E00BD9DC1 /* MarsClicker.xcdatamodeld */,
			);
			path = Data;
			sourceTree = "<group>";
		};
		72FB0A0425087BC300209294 /* Controllers */ = {
			isa = PBXGroup;
			children = (
				728838F72501AE9E00BD9DC1 /* MarsController.swift */,
				726DFB8A250453F400D730DE /* ButtonsNavigationController.swift */,
			);
			path = Controllers;
			sourceTree = "<group>";
		};
		72FB0A0525087BD100209294 /* Views */ = {
			isa = PBXGroup;
			children = (
				726DFB842502B0F100D730DE /* ResourceExpandableCell.swift */,
				726DFB852502B0F100D730DE /* ResourceExpandableCell.xib */,
			);
			path = Views;
			sourceTree = "<group>";
		};
/* End PBXGroup section */

/* Begin PBXNativeTarget section */
		728838EF2501AE9E00BD9DC1 /* MarsClicker */ = {
			isa = PBXNativeTarget;
			buildConfigurationList = 728839072501AEA200BD9DC1 /* Build configuration list for PBXNativeTarget "MarsClicker" */;
			buildPhases = (
				728838EC2501AE9E00BD9DC1 /* Sources */,
				728838ED2501AE9E00BD9DC1 /* Frameworks */,
				728838EE2501AE9E00BD9DC1 /* Resources */,
			);
			buildRules = (
			);
			dependencies = (
			);
			name = MarsClicker;
			productName = MarsClicker;
			productReference = 728838F02501AE9E00BD9DC1 /* MarsClicker.app */;
			productType = "com.apple.product-type.application";
		};
/* End PBXNativeTarget section */

/* Begin PBXProject section */
		728838E82501AE9E00BD9DC1 /* Project object */ = {
			isa = PBXProject;
			attributes = {
				LastSwiftUpdateCheck = 1160;
				LastUpgradeCheck = 1160;
				ORGANIZATIONNAME = "Aidan Blant";
				TargetAttributes = {
					728838EF2501AE9E00BD9DC1 = {
						CreatedOnToolsVersion = 11.6;
					};
				};
			};
			buildConfigurationList = 728838EB2501AE9E00BD9DC1 /* Build configuration list for PBXProject "MarsClicker" */;
			compatibilityVersion = "Xcode 9.3";
			developmentRegion = en;
			hasScannedForEncodings = 0;
			knownRegions = (
				en,
				Base,
			);
			mainGroup = 728838E72501AE9E00BD9DC1;
			productRefGroup = 728838F12501AE9E00BD9DC1 /* Products */;
			projectDirPath = "";
			projectRoot = "";
			targets = (
				728838EF2501AE9E00BD9DC1 /* MarsClicker */,
			);
		};
/* End PBXProject section */

/* Begin PBXResourcesBuildPhase section */
		728838EE2501AE9E00BD9DC1 /* Resources */ = {
			isa = PBXResourcesBuildPhase;
			buildActionMask = 2147483647;
			files = (
				728839032501AEA200BD9DC1 /* LaunchScreen.storyboard in Resources */,
				72F4B7742502A992003E7388 /* 00 Starmap Truetype.ttf in Resources */,
				726DFB872502B0F100D730DE /* ResourceExpandableCell.xib in Resources */,
				728839002501AEA200BD9DC1 /* Assets.xcassets in Resources */,
				728838FB2501AE9E00BD9DC1 /* Main.storyboard in Resources */,
			);
			runOnlyForDeploymentPostprocessing = 0;
		};
/* End PBXResourcesBuildPhase section */

/* Begin PBXSourcesBuildPhase section */
		728838EC2501AE9E00BD9DC1 /* Sources */ = {
			isa = PBXSourcesBuildPhase;
			buildActionMask = 2147483647;
			files = (
				728838FE2501AE9E00BD9DC1 /* MarsClicker.xcdatamodeld in Sources */,
				728838F82501AE9E00BD9DC1 /* MarsController.swift in Sources */,
				728838F42501AE9E00BD9DC1 /* AppDelegate.swift in Sources */,
				72FB0A022508748F00209294 /* DataManager.swift in Sources */,
				726DFB8B250453F400D730DE /* ButtonsNavigationController.swift in Sources */,
				726DFB862502B0F100D730DE /* ResourceExpandableCell.swift in Sources */,
				728838F62501AE9E00BD9DC1 /* SceneDelegate.swift in Sources */,
			);
			runOnlyForDeploymentPostprocessing = 0;
		};
/* End PBXSourcesBuildPhase section */

/* Begin PBXVariantGroup section */
		728838F92501AE9E00BD9DC1 /* Main.storyboard */ = {
			isa = PBXVariantGroup;
			children = (
				728838FA2501AE9E00BD9DC1 /* Base */,
			);
			name = Main.storyboard;
			sourceTree = "<group>";
		};
		728839012501AEA200BD9DC1 /* LaunchScreen.storyboard */ = {
			isa = PBXVariantGroup;
			children = (
				728839022501AEA200BD9DC1 /* Base */,
			);
			name = LaunchScreen.storyboard;
			sourceTree = "<group>";
		};
/* End PBXVariantGroup section */

/* Begin XCBuildConfiguration section */
		728839052501AEA200BD9DC1 /* Debug */ = {
			isa = XCBuildConfiguration;
			buildSettings = {
				ALWAYS_SEARCH_USER_PATHS = NO;
				CLANG_ANALYZER_NONNULL = YES;
				CLANG_ANALYZER_NUMBER_OBJECT_CONVERSION = YES_AGGRESSIVE;
				CLANG_CXX_LANGUAGE_STANDARD = "gnu++14";
				CLANG_CXX_LIBRARY = "libc++";
				CLANG_ENABLE_MODULES = YES;
				CLANG_ENABLE_OBJC_ARC = YES;
				CLANG_ENABLE_OBJC_WEAK = YES;
				CLANG_WARN_BLOCK_CAPTURE_AUTORELEASING = YES;
				CLANG_WARN_BOOL_CONVERSION = YES;
				CLANG_WARN_COMMA = YES;
				CLANG_WARN_CONSTANT_CONVERSION = YES;
				CLANG_WARN_DEPRECATED_OBJC_IMPLEMENTATIONS = YES;
				CLANG_WARN_DIRECT_OBJC_ISA_USAGE = YES_ERROR;
				CLANG_WARN_DOCUMENTATION_COMMENTS = YES;
				CLANG_WARN_EMPTY_BODY = YES;
				CLANG_WARN_ENUM_CONVERSION = YES;
				CLANG_WARN_INFINITE_RECURSION = YES;
				CLANG_WARN_INT_CONVERSION = YES;
				CLANG_WARN_NON_LITERAL_NULL_CONVERSION = YES;
				CLANG_WARN_OBJC_IMPLICIT_RETAIN_SELF = YES;
				CLANG_WARN_OBJC_LITERAL_CONVERSION = YES;
				CLANG_WARN_OBJC_ROOT_CLASS = YES_ERROR;
				CLANG_WARN_RANGE_LOOP_ANALYSIS = YES;
				CLANG_WARN_STRICT_PROTOTYPES = YES;
				CLANG_WARN_SUSPICIOUS_MOVE = YES;
				CLANG_WARN_UNGUARDED_AVAILABILITY = YES_AGGRESSIVE;
				CLANG_WARN_UNREACHABLE_CODE = YES;
				CLANG_WARN__DUPLICATE_METHOD_MATCH = YES;
				COPY_PHASE_STRIP = NO;
				DEBUG_INFORMATION_FORMAT = dwarf;
				ENABLE_STRICT_OBJC_MSGSEND = YES;
				ENABLE_TESTABILITY = YES;
				GCC_C_LANGUAGE_STANDARD = gnu11;
				GCC_DYNAMIC_NO_PIC = NO;
				GCC_NO_COMMON_BLOCKS = YES;
				GCC_OPTIMIZATION_LEVEL = 0;
				GCC_PREPROCESSOR_DEFINITIONS = (
					"DEBUG=1",
					"$(inherited)",
				);
				GCC_WARN_64_TO_32_BIT_CONVERSION = YES;
				GCC_WARN_ABOUT_RETURN_TYPE = YES_ERROR;
				GCC_WARN_UNDECLARED_SELECTOR = YES;
				GCC_WARN_UNINITIALIZED_AUTOS = YES_AGGRESSIVE;
				GCC_WARN_UNUSED_FUNCTION = YES;
				GCC_WARN_UNUSED_VARIABLE = YES;
				IPHONEOS_DEPLOYMENT_TARGET = 13.6;
				MTL_ENABLE_DEBUG_INFO = INCLUDE_SOURCE;
				MTL_FAST_MATH = YES;
				ONLY_ACTIVE_ARCH = YES;
				SDKROOT = iphoneos;
				SWIFT_ACTIVE_COMPILATION_CONDITIONS = DEBUG;
				SWIFT_OPTIMIZATION_LEVEL = "-Onone";
			};
			name = Debug;
		};
		728839062501AEA200BD9DC1 /* Release */ = {
			isa = XCBuildConfiguration;
			buildSettings = {
				ALWAYS_SEARCH_USER_PATHS = NO;
				CLANG_ANALYZER_NONNULL = YES;
				CLANG_ANALYZER_NUMBER_OBJECT_CONVERSION = YES_AGGRESSIVE;
				CLANG_CXX_LANGUAGE_STANDARD = "gnu++14";
				CLANG_CXX_LIBRARY = "libc++";
				CLANG_ENABLE_MODULES = YES;
				CLANG_ENABLE_OBJC_ARC = YES;
				CLANG_ENABLE_OBJC_WEAK = YES;
				CLANG_WARN_BLOCK_CAPTURE_AUTORELEASING = YES;
				CLANG_WARN_BOOL_CONVERSION = YES;
				CLANG_WARN_COMMA = YES;
				CLANG_WARN_CONSTANT_CONVERSION = YES;
				CLANG_WARN_DEPRECATED_OBJC_IMPLEMENTATIONS = YES;
				CLANG_WARN_DIRECT_OBJC_ISA_USAGE = YES_ERROR;
				CLANG_WARN_DOCUMENTATION_COMMENTS = YES;
				CLANG_WARN_EMPTY_BODY = YES;
				CLANG_WARN_ENUM_CONVERSION = YES;
				CLANG_WARN_INFINITE_RECURSION = YES;
				CLANG_WARN_INT_CONVERSION = YES;
				CLANG_WARN_NON_LITERAL_NULL_CONVERSION = YES;
				CLANG_WARN_OBJC_IMPLICIT_RETAIN_SELF = YES;
				CLANG_WARN_OBJC_LITERAL_CONVERSION = YES;
				CLANG_WARN_OBJC_ROOT_CLASS = YES_ERROR;
				CLANG_WARN_RANGE_LOOP_ANALYSIS = YES;
				CLANG_WARN_STRICT_PROTOTYPES = YES;
				CLANG_WARN_SUSPICIOUS_MOVE = YES;
				CLANG_WARN_UNGUARDED_AVAILABILITY = YES_AGGRESSIVE;
				CLANG_WARN_UNREACHABLE_CODE = YES;
				CLANG_WARN__DUPLICATE_METHOD_MATCH = YES;
				COPY_PHASE_STRIP = NO;
				DEBUG_INFORMATION_FORMAT = "dwarf-with-dsym";
				ENABLE_NS_ASSERTIONS = NO;
				ENABLE_STRICT_OBJC_MSGSEND = YES;
				GCC_C_LANGUAGE_STANDARD = gnu11;
				GCC_NO_COMMON_BLOCKS = YES;
				GCC_WARN_64_TO_32_BIT_CONVERSION = YES;
				GCC_WARN_ABOUT_RETURN_TYPE = YES_ERROR;
				GCC_WARN_UNDECLARED_SELECTOR = YES;
				GCC_WARN_UNINITIALIZED_AUTOS = YES_AGGRESSIVE;
				GCC_WARN_UNUSED_FUNCTION = YES;
				GCC_WARN_UNUSED_VARIABLE = YES;
				IPHONEOS_DEPLOYMENT_TARGET = 13.6;
				MTL_ENABLE_DEBUG_INFO = NO;
				MTL_FAST_MATH = YES;
				SDKROOT = iphoneos;
				SWIFT_COMPILATION_MODE = wholemodule;
				SWIFT_OPTIMIZATION_LEVEL = "-O";
				VALIDATE_PRODUCT = YES;
			};
			name = Release;
		};
		728839082501AEA200BD9DC1 /* Debug */ = {
			isa = XCBuildConfiguration;
			buildSettings = {
				ASSETCATALOG_COMPILER_APPICON_NAME = AppIcon;
				CODE_SIGN_STYLE = Automatic;
				DEVELOPMENT_TEAM = SKS9W7JB4J;
				INFOPLIST_FILE = MarsClicker/Info.plist;
				LD_RUNPATH_SEARCH_PATHS = (
					"$(inherited)",
					"@executable_path/Frameworks",
				);
				PRODUCT_BUNDLE_IDENTIFIER = com.aidanblant.MarsClicker;
				PRODUCT_NAME = "$(TARGET_NAME)";
				SWIFT_VERSION = 5.0;
				TARGETED_DEVICE_FAMILY = 1;
			};
			name = Debug;
		};
		728839092501AEA200BD9DC1 /* Release */ = {
			isa = XCBuildConfiguration;
			buildSettings = {
				ASSETCATALOG_COMPILER_APPICON_NAME = AppIcon;
				CODE_SIGN_STYLE = Automatic;
				DEVELOPMENT_TEAM = SKS9W7JB4J;
				INFOPLIST_FILE = MarsClicker/Info.plist;
				LD_RUNPATH_SEARCH_PATHS = (
					"$(inherited)",
					"@executable_path/Frameworks",
				);
				PRODUCT_BUNDLE_IDENTIFIER = com.aidanblant.MarsClicker;
				PRODUCT_NAME = "$(TARGET_NAME)";
				SWIFT_VERSION = 5.0;
				TARGETED_DEVICE_FAMILY = 1;
			};
			name = Release;
		};
/* End XCBuildConfiguration section */

/* Begin XCConfigurationList section */
		728838EB2501AE9E00BD9DC1 /* Build configuration list for PBXProject "MarsClicker" */ = {
			isa = XCConfigurationList;
			buildConfigurations = (
				728839052501AEA200BD9DC1 /* Debug */,
				728839062501AEA200BD9DC1 /* Release */,
			);
			defaultConfigurationIsVisible = 0;
			defaultConfigurationName = Release;
		};
		728839072501AEA200BD9DC1 /* Build configuration list for PBXNativeTarget "MarsClicker" */ = {
			isa = XCConfigurationList;
			buildConfigurations = (
				728839082501AEA200BD9DC1 /* Debug */,
				728839092501AEA200BD9DC1 /* Release */,
			);
			defaultConfigurationIsVisible = 0;
			defaultConfigurationName = Release;
		};
/* End XCConfigurationList section */

/* Begin XCVersionGroup section */
		728838FC2501AE9E00BD9DC1 /* MarsClicker.xcdatamodeld */ = {
			isa = XCVersionGroup;
			children = (
				728838FD2501AE9E00BD9DC1 /* MarsClicker.xcdatamodel */,
			);
			currentVersion = 728838FD2501AE9E00BD9DC1 /* MarsClicker.xcdatamodel */;
			path = MarsClicker.xcdatamodeld;
			sourceTree = "<group>";
			versionGroupType = wrapper.xcdatamodel;
		};
/* End XCVersionGroup section */
	};
	rootObject = 728838E82501AE9E00BD9DC1 /* Project object */;
}
